
Microsoft Visual Studio Solution File, Format Version 12.00
# Visual Studio Version 16
VisualStudioVersion = 16.0.29230.47
MinimumVisualStudioVersion = 10.0.40219.1
Project("{9A19103F-16F7-4668-BE54-9A1E7A4F7556}") = "LeanSharp", "LeanSharp\LeanSharp.csproj", "{AD71439C-438F-4741-BB24-C47642E0F54B}"
EndProject
Project("{9A19103F-16F7-4668-BE54-9A1E7A4F7556}") = "LeanSharp.Tests", "..\tests\LeanSharp.Tests\LeanSharp.Tests.csproj", "{053093E0-76A0-479A-941F-01AFA537556C}"
EndProject
Global
	GlobalSection(SolutionConfigurationPlatforms) = preSolution
		Debug|Any CPU = Debug|Any CPU
		Release|Any CPU = Release|Any CPU
	EndGlobalSection
	GlobalSection(ProjectConfigurationPlatforms) = postSolution
		{AD71439C-438F-4741-BB24-C47642E0F54B}.Debug|Any CPU.ActiveCfg = Debug|Any CPU
		{AD71439C-438F-4741-BB24-C47642E0F54B}.Debug|Any CPU.Build.0 = Debug|Any CPU
		{AD71439C-438F-4741-BB24-C47642E0F54B}.Release|Any CPU.ActiveCfg = Release|Any CPU
		{AD71439C-438F-4741-BB24-C47642E0F54B}.Release|Any CPU.Build.0 = Release|Any CPU
		{053093E0-76A0-479A-941F-01AFA537556C}.Debug|Any CPU.ActiveCfg = Debug|Any CPU
		{053093E0-76A0-479A-941F-01AFA537556C}.Debug|Any CPU.Build.0 = Debug|Any CPU
		{053093E0-76A0-479A-941F-01AFA537556C}.Release|Any CPU.ActiveCfg = Release|Any CPU
		{053093E0-76A0-479A-941F-01AFA537556C}.Release|Any CPU.Build.0 = Release|Any CPU
	EndGlobalSection
	GlobalSection(SolutionProperties) = preSolution
		HideSolutionNode = FALSE
	EndGlobalSection
	GlobalSection(ExtensibilityGlobals) = postSolution
		SolutionGuid = {E6EFD8CD-66EB-4945-AFDB-38E9C08FCBC4}
	EndGlobalSection
EndGlobal
